
Microsoft Visual Studio Solution File, Format Version 10.00
# Visual Studio 2008
Project("{2150E333-8FDC-42A3-9474-1A3956D46DE8}") = "Interface", "Interface", "{79D29A7F-462C-43A9-8B02-F78F6D7272D7}"
EndProject
Project("{2150E333-8FDC-42A3-9474-1A3956D46DE8}") = "Implementations", "Implementations", "{A00CF704-20E7-4B24-8710-5D4140F4CA8E}"
EndProject
Project("{2150E333-8FDC-42A3-9474-1A3956D46DE8}") = "Z-Tests", "Z-Tests", "{992CBF0B-18FD-4D84-B0A7-4C5D6B93C75A}"
EndProject
Project("{2150E333-8FDC-42A3-9474-1A3956D46DE8}") = "Z-Engine", "Z-Engine", "{1E2E7210-536E-47B3-ABA1-6A42B7698ADF}"
EndProject
Project("{2150E333-8FDC-42A3-9474-1A3956D46DE8}") = "Z-Tools", "Z-Tools", "{86E8CF3F-72F2-44ED-A1A7-AE516F49896F}"
EndProject
Project("{2150E333-8FDC-42A3-9474-1A3956D46DE8}") = "External middleware", "External middleware", "{3B8C4F09-3241-405C-9DF7-52DABECB3F20}"
EndProject
Project("{8BC9CEB8-8B4A-11D0-8D11-00A0C91BC942}") = "CoreLib", "Z-Engine\Projects\Windows\Interfaces\CoreLib\CoreLib.vcproj", "{609700CF-CFA4-4F3D-9D55-98D5A41ABE46}"
EndProject
Project("{8BC9CEB8-8B4A-11D0-8D11-00A0C91BC942}") = "RendererLib", "Z-Engine\Projects\Windows\Interfaces\RendererLib\RendererLib.vcproj", "{59ACBE4D-7DE7-467D-9FA6-50D6F1387CF5}"
	ProjectSection(ProjectDependencies) = postProject
		{609700CF-CFA4-4F3D-9D55-98D5A41ABE46} = {609700CF-CFA4-4F3D-9D55-98D5A41ABE46}
	EndProjectSection
EndProject
Project("{8BC9CEB8-8B4A-11D0-8D11-00A0C91BC942}") = "DX9RendererLib", "Z-Engine\Projects\Windows\Implementations\DX9RendererLib\DX9RendererLib.vcproj", "{6383AFE9-3952-4C17-89E2-033F2C448B42}"
EndProject
Project("{8BC9CEB8-8B4A-11D0-8D11-00A0C91BC942}") = "DInputLib", "Z-Engine\Projects\Windows\Implementations\DInputLib\DInputLib.vcproj", "{EAD40F7C-7ED5-4164-A082-E7348E417C58}"
EndProject
Project("{8BC9CEB8-8B4A-11D0-8D11-00A0C91BC942}") = "MathLib", "Z-Engine\Projects\Windows\Interfaces\MathLib\MathLib.vcproj", "{FDD20FAD-3199-45B8-996B-BBCB19671A2E}"
	ProjectSection(ProjectDependencies) = postProject
		{609700CF-CFA4-4F3D-9D55-98D5A41ABE46} = {609700CF-CFA4-4F3D-9D55-98D5A41ABE46}
	EndProjectSection
EndProject
Project("{8BC9CEB8-8B4A-11D0-8D11-00A0C91BC942}") = "TinyXML", "Z-Engine\MiddleWare\TinyXML\TinyXML.vcproj", "{DA1E83F2-4A5B-4784-9D5D-927CE629C713}"
EndProject
Project("{8BC9CEB8-8B4A-11D0-8D11-00A0C91BC942}") = "Z-Engine", "Z-Engine\Projects\Windows\Interfaces\Z-Engine\Z-Engine.vcproj", "{1AC21609-40E7-4503-9755-61AA6314990B}"
EndProject
Project("{8BC9CEB8-8B4A-11D0-8D11-00A0C91BC942}") = "AnimationLib", "Z-Engine\Projects\Windows\Interfaces\AnimationLib\AnimationLib.vcproj", "{DA303339-6504-4CEF-85DB-49B57A754CEF}"
EndProject
Project("{8BC9CEB8-8B4A-11D0-8D11-00A0C91BC942}") = "SceneLib", "Z-Engine\Projects\Windows\Interfaces\SceneLib\SceneLib.vcproj", "{635620E9-8E6F-4FCC-943B-B8D32E6B2B1B}"
EndProject
Project("{8BC9CEB8-8B4A-11D0-8D11-00A0C91BC942}") = "AnimationTest", "Tests\AnimationTest\AnimationTest.vcproj", "{54730792-3958-4747-9A15-B0ED6A4C723F}"
	ProjectSection(ProjectDependencies) = postProject
		{1AC21609-40E7-4503-9755-61AA6314990B} = {1AC21609-40E7-4503-9755-61AA6314990B}
		{94DC5B35-17CD-409E-ACAA-3CE379B643BB} = {94DC5B35-17CD-409E-ACAA-3CE379B643BB}
		{DA303339-6504-4CEF-85DB-49B57A754CEF} = {DA303339-6504-4CEF-85DB-49B57A754CEF}
		{1FF6173A-F433-466F-B715-7C74E564C112} = {1FF6173A-F433-466F-B715-7C74E564C112}
		{59ACBE4D-7DE7-467D-9FA6-50D6F1387CF5} = {59ACBE4D-7DE7-467D-9FA6-50D6F1387CF5}
		{EAD40F7C-7ED5-4164-A082-E7348E417C58} = {EAD40F7C-7ED5-4164-A082-E7348E417C58}
		{FDD20FAD-3199-45B8-996B-BBCB19671A2E} = {FDD20FAD-3199-45B8-996B-BBCB19671A2E}
		{609700CF-CFA4-4F3D-9D55-98D5A41ABE46} = {609700CF-CFA4-4F3D-9D55-98D5A41ABE46}
		{635620E9-8E6F-4FCC-943B-B8D32E6B2B1B} = {635620E9-8E6F-4FCC-943B-B8D32E6B2B1B}
		{6383AFE9-3952-4C17-89E2-033F2C448B42} = {6383AFE9-3952-4C17-89E2-033F2C448B42}
	EndProjectSection
EndProject
Project("{8BC9CEB8-8B4A-11D0-8D11-00A0C91BC942}") = "InputLib", "Z-Engine\Projects\Windows\Interfaces\InputLib\InputLib.vcproj", "{94DC5B35-17CD-409E-ACAA-3CE379B643BB}"
EndProject
Project("{8BC9CEB8-8B4A-11D0-8D11-00A0C91BC942}") = "CameraLib", "Z-Engine\Projects\Windows\Interfaces\CameraLib\CameraLib.vcproj", "{1FF6173A-F433-466F-B715-7C74E564C112}"
EndProject
Global
	GlobalSection(SolutionConfigurationPlatforms) = preSolution
		Debug|Win32 = Debug|Win32
		DXDebug|Win32 = DXDebug|Win32
		GDE_Debug|Win32 = GDE_Debug|Win32
		GDE_Release|Win32 = GDE_Release|Win32
		GLDebug|Win32 = GLDebug|Win32
		MinSizeRel|Win32 = MinSizeRel|Win32
		Release|Win32 = Release|Win32
		RelWithDebInfo|Win32 = RelWithDebInfo|Win32
		Tests_Debug|Win32 = Tests_Debug|Win32
		Tests_Release|Win32 = Tests_Release|Win32
	EndGlobalSection
	GlobalSection(ProjectConfigurationPlatforms) = postSolution
		{609700CF-CFA4-4F3D-9D55-98D5A41ABE46}.Debug|Win32.ActiveCfg = Debug|Win32
		{609700CF-CFA4-4F3D-9D55-98D5A41ABE46}.Debug|Win32.Build.0 = Debug|Win32
		{609700CF-CFA4-4F3D-9D55-98D5A41ABE46}.DXDebug|Win32.ActiveCfg = Debug|Win32
		{609700CF-CFA4-4F3D-9D55-98D5A41ABE46}.DXDebug|Win32.Build.0 = Debug|Win32
		{609700CF-CFA4-4F3D-9D55-98D5A41ABE46}.GDE_Debug|Win32.ActiveCfg = Debug|Win32
		{609700CF-CFA4-4F3D-9D55-98D5A41ABE46}.GDE_Debug|Win32.Build.0 = Debug|Win32
		{609700CF-CFA4-4F3D-9D55-98D5A41ABE46}.GDE_Release|Win32.ActiveCfg = Release|Win32
		{609700CF-CFA4-4F3D-9D55-98D5A41ABE46}.GDE_Release|Win32.Build.0 = Release|Win32
		{609700CF-CFA4-4F3D-9D55-98D5A41ABE46}.GLDebug|Win32.ActiveCfg = Debug|Win32
		{609700CF-CFA4-4F3D-9D55-98D5A41ABE46}.GLDebug|Win32.Build.0 = Debug|Win32
		{609700CF-CFA4-4F3D-9D55-98D5A41ABE46}.MinSizeRel|Win32.ActiveCfg = Release|Win32
		{609700CF-CFA4-4F3D-9D55-98D5A41ABE46}.MinSizeRel|Win32.Build.0 = Release|Win32
		{609700CF-CFA4-4F3D-9D55-98D5A41ABE46}.Release|Win32.ActiveCfg = Release|Win32
		{609700CF-CFA4-4F3D-9D55-98D5A41ABE46}.Release|Win32.Build.0 = Release|Win32
		{609700CF-CFA4-4F3D-9D55-98D5A41ABE46}.RelWithDebInfo|Win32.ActiveCfg = Release|Win32
		{609700CF-CFA4-4F3D-9D55-98D5A41ABE46}.RelWithDebInfo|Win32.Build.0 = Release|Win32
		{609700CF-CFA4-4F3D-9D55-98D5A41ABE46}.Tests_Debug|Win32.ActiveCfg = Debug|Win32
		{609700CF-CFA4-4F3D-9D55-98D5A41ABE46}.Tests_Debug|Win32.Build.0 = Debug|Win32
		{609700CF-CFA4-4F3D-9D55-98D5A41ABE46}.Tests_Release|Win32.ActiveCfg = Release|Win32
		{609700CF-CFA4-4F3D-9D55-98D5A41ABE46}.Tests_Release|Win32.Build.0 = Release|Win32
		{59ACBE4D-7DE7-467D-9FA6-50D6F1387CF5}.Debug|Win32.ActiveCfg = Debug|Win32
		{59ACBE4D-7DE7-467D-9FA6-50D6F1387CF5}.Debug|Win32.Build.0 = Debug|Win32
		{59ACBE4D-7DE7-467D-9FA6-50D6F1387CF5}.DXDebug|Win32.ActiveCfg = Debug|Win32
		{59ACBE4D-7DE7-467D-9FA6-50D6F1387CF5}.DXDebug|Win32.Build.0 = Debug|Win32
		{59ACBE4D-7DE7-467D-9FA6-50D6F1387CF5}.GDE_Debug|Win32.ActiveCfg = Debug|Win32
		{59ACBE4D-7DE7-467D-9FA6-50D6F1387CF5}.GDE_Debug|Win32.Build.0 = Debug|Win32
		{59ACBE4D-7DE7-467D-9FA6-50D6F1387CF5}.GDE_Release|Win32.ActiveCfg = Release|Win32
		{59ACBE4D-7DE7-467D-9FA6-50D6F1387CF5}.GDE_Release|Win32.Build.0 = Release|Win32
		{59ACBE4D-7DE7-467D-9FA6-50D6F1387CF5}.GLDebug|Win32.ActiveCfg = Debug|Win32
		{59ACBE4D-7DE7-467D-9FA6-50D6F1387CF5}.GLDebug|Win32.Build.0 = Debug|Win32
		{59ACBE4D-7DE7-467D-9FA6-50D6F1387CF5}.MinSizeRel|Win32.ActiveCfg = Release|Win32
		{59ACBE4D-7DE7-467D-9FA6-50D6F1387CF5}.MinSizeRel|Win32.Build.0 = Release|Win32
		{59ACBE4D-7DE7-467D-9FA6-50D6F1387CF5}.Release|Win32.ActiveCfg = Release|Win32
		{59ACBE4D-7DE7-467D-9FA6-50D6F1387CF5}.Release|Win32.Build.0 = Release|Win32
		{59ACBE4D-7DE7-467D-9FA6-50D6F1387CF5}.RelWithDebInfo|Win32.ActiveCfg = Release|Win32
		{59ACBE4D-7DE7-467D-9FA6-50D6F1387CF5}.RelWithDebInfo|Win32.Build.0 = Release|Win32
		{59ACBE4D-7DE7-467D-9FA6-50D6F1387CF5}.Tests_Debug|Win32.ActiveCfg = Debug|Win32
		{59ACBE4D-7DE7-467D-9FA6-50D6F1387CF5}.Tests_Debug|Win32.Build.0 = Debug|Win32
		{59ACBE4D-7DE7-467D-9FA6-50D6F1387CF5}.Tests_Release|Win32.ActiveCfg = Release|Win32
		{59ACBE4D-7DE7-467D-9FA6-50D6F1387CF5}.Tests_Release|Win32.Build.0 = Release|Win32
		{6383AFE9-3952-4C17-89E2-033F2C448B42}.Debug|Win32.ActiveCfg = Debug|Win32
		{6383AFE9-3952-4C17-89E2-033F2C448B42}.Debug|Win32.Build.0 = Debug|Win32
		{6383AFE9-3952-4C17-89E2-033F2C448B42}.DXDebug|Win32.ActiveCfg = Debug|Win32
		{6383AFE9-3952-4C17-89E2-033F2C448B42}.DXDebug|Win32.Build.0 = Debug|Win32
		{6383AFE9-3952-4C17-89E2-033F2C448B42}.GDE_Debug|Win32.ActiveCfg = Debug|Win32
		{6383AFE9-3952-4C17-89E2-033F2C448B42}.GDE_Debug|Win32.Build.0 = Debug|Win32
		{6383AFE9-3952-4C17-89E2-033F2C448B42}.GDE_Release|Win32.ActiveCfg = Release|Win32
		{6383AFE9-3952-4C17-89E2-033F2C448B42}.GDE_Release|Win32.Build.0 = Release|Win32
		{6383AFE9-3952-4C17-89E2-033F2C448B42}.GLDebug|Win32.ActiveCfg = Debug|Win32
		{6383AFE9-3952-4C17-89E2-033F2C448B42}.GLDebug|Win32.Build.0 = Debug|Win32
		{6383AFE9-3952-4C17-89E2-033F2C448B42}.MinSizeRel|Win32.ActiveCfg = Release|Win32
		{6383AFE9-3952-4C17-89E2-033F2C448B42}.MinSizeRel|Win32.Build.0 = Release|Win32
		{6383AFE9-3952-4C17-89E2-033F2C448B42}.Release|Win32.ActiveCfg = Release|Win32
		{6383AFE9-3952-4C17-89E2-033F2C448B42}.Release|Win32.Build.0 = Release|Win32
		{6383AFE9-3952-4C17-89E2-033F2C448B42}.RelWithDebInfo|Win32.ActiveCfg = Release|Win32
		{6383AFE9-3952-4C17-89E2-033F2C448B42}.RelWithDebInfo|Win32.Build.0 = Release|Win32
		{6383AFE9-3952-4C17-89E2-033F2C448B42}.Tests_Debug|Win32.ActiveCfg = Debug|Win32
		{6383AFE9-3952-4C17-89E2-033F2C448B42}.Tests_Debug|Win32.Build.0 = Debug|Win32
		{6383AFE9-3952-4C17-89E2-033F2C448B42}.Tests_Release|Win32.ActiveCfg = Release|Win32
		{6383AFE9-3952-4C17-89E2-033F2C448B42}.Tests_Release|Win32.Build.0 = Release|Win32
		{EAD40F7C-7ED5-4164-A082-E7348E417C58}.Debug|Win32.ActiveCfg = Debug|Win32
		{EAD40F7C-7ED5-4164-A082-E7348E417C58}.Debug|Win32.Build.0 = Debug|Win32
		{EAD40F7C-7ED5-4164-A082-E7348E417C58}.DXDebug|Win32.ActiveCfg = Debug|Win32
		{EAD40F7C-7ED5-4164-A082-E7348E417C58}.DXDebug|Win32.Build.0 = Debug|Win32
		{EAD40F7C-7ED5-4164-A082-E7348E417C58}.GDE_Debug|Win32.ActiveCfg = Debug|Win32
		{EAD40F7C-7ED5-4164-A082-E7348E417C58}.GDE_Debug|Win32.Build.0 = Debug|Win32
		{EAD40F7C-7ED5-4164-A082-E7348E417C58}.GDE_Release|Win32.ActiveCfg = Release|Win32
		{EAD40F7C-7ED5-4164-A082-E7348E417C58}.GDE_Release|Win32.Build.0 = Release|Win32
		{EAD40F7C-7ED5-4164-A082-E7348E417C58}.GLDebug|Win32.ActiveCfg = Debug|Win32
		{EAD40F7C-7ED5-4164-A082-E7348E417C58}.GLDebug|Win32.Build.0 = Debug|Win32
		{EAD40F7C-7ED5-4164-A082-E7348E417C58}.MinSizeRel|Win32.ActiveCfg = Release|Win32
		{EAD40F7C-7ED5-4164-A082-E7348E417C58}.MinSizeRel|Win32.Build.0 = Release|Win32
		{EAD40F7C-7ED5-4164-A082-E7348E417C58}.Release|Win32.ActiveCfg = Release|Win32
		{EAD40F7C-7ED5-4164-A082-E7348E417C58}.Release|Win32.Build.0 = Release|Win32
		{EAD40F7C-7ED5-4164-A082-E7348E417C58}.RelWithDebInfo|Win32.ActiveCfg = Release|Win32
		{EAD40F7C-7ED5-4164-A082-E7348E417C58}.RelWithDebInfo|Win32.Build.0 = Release|Win32
		{EAD40F7C-7ED5-4164-A082-E7348E417C58}.Tests_Debug|Win32.ActiveCfg = Debug|Win32
		{EAD40F7C-7ED5-4164-A082-E7348E417C58}.Tests_Debug|Win32.Build.0 = Debug|Win32
		{EAD40F7C-7ED5-4164-A082-E7348E417C58}.Tests_Release|Win32.ActiveCfg = Release|Win32
		{EAD40F7C-7ED5-4164-A082-E7348E417C58}.Tests_Release|Win32.Build.0 = Release|Win32
		{FDD20FAD-3199-45B8-996B-BBCB19671A2E}.Debug|Win32.ActiveCfg = Debug|Win32
		{FDD20FAD-3199-45B8-996B-BBCB19671A2E}.Debug|Win32.Build.0 = Debug|Win32
		{FDD20FAD-3199-45B8-996B-BBCB19671A2E}.DXDebug|Win32.ActiveCfg = Debug|Win32
		{FDD20FAD-3199-45B8-996B-BBCB19671A2E}.DXDebug|Win32.Build.0 = Debug|Win32
		{FDD20FAD-3199-45B8-996B-BBCB19671A2E}.GDE_Debug|Win32.ActiveCfg = Debug|Win32
		{FDD20FAD-3199-45B8-996B-BBCB19671A2E}.GDE_Debug|Win32.Build.0 = Debug|Win32
		{FDD20FAD-3199-45B8-996B-BBCB19671A2E}.GDE_Release|Win32.ActiveCfg = Release|Win32
		{FDD20FAD-3199-45B8-996B-BBCB19671A2E}.GDE_Release|Win32.Build.0 = Release|Win32
		{FDD20FAD-3199-45B8-996B-BBCB19671A2E}.GLDebug|Win32.ActiveCfg = Debug|Win32
		{FDD20FAD-3199-45B8-996B-BBCB19671A2E}.GLDebug|Win32.Build.0 = Debug|Win32
		{FDD20FAD-3199-45B8-996B-BBCB19671A2E}.MinSizeRel|Win32.ActiveCfg = Release|Win32
		{FDD20FAD-3199-45B8-996B-BBCB19671A2E}.MinSizeRel|Win32.Build.0 = Release|Win32
		{FDD20FAD-3199-45B8-996B-BBCB19671A2E}.Release|Win32.ActiveCfg = Release|Win32
		{FDD20FAD-3199-45B8-996B-BBCB19671A2E}.Release|Win32.Build.0 = Release|Win32
		{FDD20FAD-3199-45B8-996B-BBCB19671A2E}.RelWithDebInfo|Win32.ActiveCfg = Release|Win32
		{FDD20FAD-3199-45B8-996B-BBCB19671A2E}.RelWithDebInfo|Win32.Build.0 = Release|Win32
		{FDD20FAD-3199-45B8-996B-BBCB19671A2E}.Tests_Debug|Win32.ActiveCfg = Debug|Win32
		{FDD20FAD-3199-45B8-996B-BBCB19671A2E}.Tests_Debug|Win32.Build.0 = Debug|Win32
		{FDD20FAD-3199-45B8-996B-BBCB19671A2E}.Tests_Release|Win32.ActiveCfg = Release|Win32
		{FDD20FAD-3199-45B8-996B-BBCB19671A2E}.Tests_Release|Win32.Build.0 = Release|Win32
		{DA1E83F2-4A5B-4784-9D5D-927CE629C713}.Debug|Win32.ActiveCfg = Debug|Win32
		{DA1E83F2-4A5B-4784-9D5D-927CE629C713}.Debug|Win32.Build.0 = Debug|Win32
		{DA1E83F2-4A5B-4784-9D5D-927CE629C713}.DXDebug|Win32.ActiveCfg = Debug|Win32
		{DA1E83F2-4A5B-4784-9D5D-927CE629C713}.DXDebug|Win32.Build.0 = Debug|Win32
		{DA1E83F2-4A5B-4784-9D5D-927CE629C713}.GDE_Debug|Win32.ActiveCfg = GDE_Debug|Win32
		{DA1E83F2-4A5B-4784-9D5D-927CE629C713}.GDE_Debug|Win32.Build.0 = GDE_Debug|Win32
		{DA1E83F2-4A5B-4784-9D5D-927CE629C713}.GDE_Release|Win32.ActiveCfg = GDE_Release|Win32
		{DA1E83F2-4A5B-4784-9D5D-927CE629C713}.GDE_Release|Win32.Build.0 = GDE_Release|Win32
		{DA1E83F2-4A5B-4784-9D5D-927CE629C713}.GLDebug|Win32.ActiveCfg = Debug|Win32
		{DA1E83F2-4A5B-4784-9D5D-927CE629C713}.GLDebug|Win32.Build.0 = Debug|Win32
		{DA1E83F2-4A5B-4784-9D5D-927CE629C713}.MinSizeRel|Win32.ActiveCfg = GDE_Release|Win32
		{DA1E83F2-4A5B-4784-9D5D-927CE629C713}.MinSizeRel|Win32.Build.0 = GDE_Release|Win32
		{DA1E83F2-4A5B-4784-9D5D-927CE629C713}.Release|Win32.ActiveCfg = Release|Win32
		{DA1E83F2-4A5B-4784-9D5D-927CE629C713}.Release|Win32.Build.0 = Release|Win32
		{DA1E83F2-4A5B-4784-9D5D-927CE629C713}.RelWithDebInfo|Win32.ActiveCfg = Release|Win32
		{DA1E83F2-4A5B-4784-9D5D-927CE629C713}.RelWithDebInfo|Win32.Build.0 = Release|Win32
		{DA1E83F2-4A5B-4784-9D5D-927CE629C713}.Tests_Debug|Win32.ActiveCfg = Tests_Debug|Win32
		{DA1E83F2-4A5B-4784-9D5D-927CE629C713}.Tests_Debug|Win32.Build.0 = Tests_Debug|Win32
		{DA1E83F2-4A5B-4784-9D5D-927CE629C713}.Tests_Release|Win32.ActiveCfg = Tests_Release|Win32
		{DA1E83F2-4A5B-4784-9D5D-927CE629C713}.Tests_Release|Win32.Build.0 = Tests_Release|Win32
		{1AC21609-40E7-4503-9755-61AA6314990B}.Debug|Win32.ActiveCfg = Debug|Win32
		{1AC21609-40E7-4503-9755-61AA6314990B}.Debug|Win32.Build.0 = Debug|Win32
		{1AC21609-40E7-4503-9755-61AA6314990B}.DXDebug|Win32.ActiveCfg = Debug|Win32
		{1AC21609-40E7-4503-9755-61AA6314990B}.DXDebug|Win32.Build.0 = Debug|Win32
		{1AC21609-40E7-4503-9755-61AA6314990B}.GDE_Debug|Win32.ActiveCfg = Debug|Win32
		{1AC21609-40E7-4503-9755-61AA6314990B}.GDE_Debug|Win32.Build.0 = Debug|Win32
		{1AC21609-40E7-4503-9755-61AA6314990B}.GDE_Release|Win32.ActiveCfg = Release|Win32
		{1AC21609-40E7-4503-9755-61AA6314990B}.GDE_Release|Win32.Build.0 = Release|Win32
		{1AC21609-40E7-4503-9755-61AA6314990B}.GLDebug|Win32.ActiveCfg = Debug|Win32
		{1AC21609-40E7-4503-9755-61AA6314990B}.GLDebug|Win32.Build.0 = Debug|Win32
		{1AC21609-40E7-4503-9755-61AA6314990B}.MinSizeRel|Win32.ActiveCfg = Release|Win32
		{1AC21609-40E7-4503-9755-61AA6314990B}.MinSizeRel|Win32.Build.0 = Release|Win32
		{1AC21609-40E7-4503-9755-61AA6314990B}.Release|Win32.ActiveCfg = Release|Win32
		{1AC21609-40E7-4503-9755-61AA6314990B}.Release|Win32.Build.0 = Release|Win32
		{1AC21609-40E7-4503-9755-61AA6314990B}.RelWithDebInfo|Win32.ActiveCfg = Release|Win32
		{1AC21609-40E7-4503-9755-61AA6314990B}.RelWithDebInfo|Win32.Build.0 = Release|Win32
		{1AC21609-40E7-4503-9755-61AA6314990B}.Tests_Debug|Win32.ActiveCfg = Debug|Win32
		{1AC21609-40E7-4503-9755-61AA6314990B}.Tests_Debug|Win32.Build.0 = Debug|Win32
		{1AC21609-40E7-4503-9755-61AA6314990B}.Tests_Release|Win32.ActiveCfg = Release|Win32
		{1AC21609-40E7-4503-9755-61AA6314990B}.Tests_Release|Win32.Build.0 = Release|Win32
		{DA303339-6504-4CEF-85DB-49B57A754CEF}.Debug|Win32.ActiveCfg = Debug|Win32
		{DA303339-6504-4CEF-85DB-49B57A754CEF}.Debug|Win32.Build.0 = Debug|Win32
		{DA303339-6504-4CEF-85DB-49B57A754CEF}.DXDebug|Win32.ActiveCfg = Debug|Win32
		{DA303339-6504-4CEF-85DB-49B57A754CEF}.DXDebug|Win32.Build.0 = Debug|Win32
		{DA303339-6504-4CEF-85DB-49B57A754CEF}.GDE_Debug|Win32.ActiveCfg = Debug|Win32
		{DA303339-6504-4CEF-85DB-49B57A754CEF}.GDE_Debug|Win32.Build.0 = Debug|Win32
		{DA303339-6504-4CEF-85DB-49B57A754CEF}.GDE_Release|Win32.ActiveCfg = Release|Win32
		{DA303339-6504-4CEF-85DB-49B57A754CEF}.GDE_Release|Win32.Build.0 = Release|Win32
		{DA303339-6504-4CEF-85DB-49B57A754CEF}.GLDebug|Win32.ActiveCfg = Debug|Win32
		{DA303339-6504-4CEF-85DB-49B57A754CEF}.GLDebug|Win32.Build.0 = Debug|Win32
		{DA303339-6504-4CEF-85DB-49B57A754CEF}.MinSizeRel|Win32.ActiveCfg = Release|Win32
		{DA303339-6504-4CEF-85DB-49B57A754CEF}.MinSizeRel|Win32.Build.0 = Release|Win32
		{DA303339-6504-4CEF-85DB-49B57A754CEF}.Release|Win32.ActiveCfg = Release|Win32
		{DA303339-6504-4CEF-85DB-49B57A754CEF}.Release|Win32.Build.0 = Release|Win32
		{DA303339-6504-4CEF-85DB-49B57A754CEF}.RelWithDebInfo|Win32.ActiveCfg = Release|Win32
		{DA303339-6504-4CEF-85DB-49B57A754CEF}.RelWithDebInfo|Win32.Build.0 = Release|Win32
		{DA303339-6504-4CEF-85DB-49B57A754CEF}.Tests_Debug|Win32.ActiveCfg = Debug|Win32
		{DA303339-6504-4CEF-85DB-49B57A754CEF}.Tests_Debug|Win32.Build.0 = Debug|Win32
		{DA303339-6504-4CEF-85DB-49B57A754CEF}.Tests_Release|Win32.ActiveCfg = Release|Win32
		{DA303339-6504-4CEF-85DB-49B57A754CEF}.Tests_Release|Win32.Build.0 = Release|Win32
		{635620E9-8E6F-4FCC-943B-B8D32E6B2B1B}.Debug|Win32.ActiveCfg = Debug|Win32
		{635620E9-8E6F-4FCC-943B-B8D32E6B2B1B}.Debug|Win32.Build.0 = Debug|Win32
		{635620E9-8E6F-4FCC-943B-B8D32E6B2B1B}.DXDebug|Win32.ActiveCfg = Debug|Win32
		{635620E9-8E6F-4FCC-943B-B8D32E6B2B1B}.DXDebug|Win32.Build.0 = Debug|Win32
		{635620E9-8E6F-4FCC-943B-B8D32E6B2B1B}.GDE_Debug|Win32.ActiveCfg = Debug|Win32
		{635620E9-8E6F-4FCC-943B-B8D32E6B2B1B}.GDE_Debug|Win32.Build.0 = Debug|Win32
		{635620E9-8E6F-4FCC-943B-B8D32E6B2B1B}.GDE_Release|Win32.ActiveCfg = Release|Win32
		{635620E9-8E6F-4FCC-943B-B8D32E6B2B1B}.GDE_Release|Win32.Build.0 = Release|Win32
		{635620E9-8E6F-4FCC-943B-B8D32E6B2B1B}.GLDebug|Win32.ActiveCfg = Debug|Win32
		{635620E9-8E6F-4FCC-943B-B8D32E6B2B1B}.GLDebug|Win32.Build.0 = Debug|Win32
		{635620E9-8E6F-4FCC-943B-B8D32E6B2B1B}.MinSizeRel|Win32.ActiveCfg = Release|Win32
		{635620E9-8E6F-4FCC-943B-B8D32E6B2B1B}.MinSizeRel|Win32.Build.0 = Release|Win32
		{635620E9-8E6F-4FCC-943B-B8D32E6B2B1B}.Release|Win32.ActiveCfg = Release|Win32
		{635620E9-8E6F-4FCC-943B-B8D32E6B2B1B}.Release|Win32.Build.0 = Release|Win32
		{635620E9-8E6F-4FCC-943B-B8D32E6B2B1B}.RelWithDebInfo|Win32.ActiveCfg = Release|Win32
		{635620E9-8E6F-4FCC-943B-B8D32E6B2B1B}.RelWithDebInfo|Win32.Build.0 = Release|Win32
		{635620E9-8E6F-4FCC-943B-B8D32E6B2B1B}.Tests_Debug|Win32.ActiveCfg = Debug|Win32
		{635620E9-8E6F-4FCC-943B-B8D32E6B2B1B}.Tests_Debug|Win32.Build.0 = Debug|Win32
		{635620E9-8E6F-4FCC-943B-B8D32E6B2B1B}.Tests_Release|Win32.ActiveCfg = Release|Win32
		{635620E9-8E6F-4FCC-943B-B8D32E6B2B1B}.Tests_Release|Win32.Build.0 = Release|Win32
		{54730792-3958-4747-9A15-B0ED6A4C723F}.Debug|Win32.ActiveCfg = Debug|Win32
		{54730792-3958-4747-9A15-B0ED6A4C723F}.Debug|Win32.Build.0 = Debug|Win32
		{54730792-3958-4747-9A15-B0ED6A4C723F}.DXDebug|Win32.ActiveCfg = Debug|Win32
		{54730792-3958-4747-9A15-B0ED6A4C723F}.DXDebug|Win32.Build.0 = Debug|Win32
		{54730792-3958-4747-9A15-B0ED6A4C723F}.GDE_Debug|Win32.ActiveCfg = Debug|Win32
		{54730792-3958-4747-9A15-B0ED6A4C723F}.GDE_Debug|Win32.Build.0 = Debug|Win32
		{54730792-3958-4747-9A15-B0ED6A4C723F}.GDE_Release|Win32.ActiveCfg = Release|Win32
		{54730792-3958-4747-9A15-B0ED6A4C723F}.GDE_Release|Win32.Build.0 = Release|Win32
		{54730792-3958-4747-9A15-B0ED6A4C723F}.GLDebug|Win32.ActiveCfg = Debug|Win32
		{54730792-3958-4747-9A15-B0ED6A4C723F}.GLDebug|Win32.Build.0 = Debug|Win32
		{54730792-3958-4747-9A15-B0ED6A4C723F}.MinSizeRel|Win32.ActiveCfg = Release|Win32
		{54730792-3958-4747-9A15-B0ED6A4C723F}.MinSizeRel|Win32.Build.0 = Release|Win32
		{54730792-3958-4747-9A15-B0ED6A4C723F}.Release|Win32.ActiveCfg = Release|Win32
		{54730792-3958-4747-9A15-B0ED6A4C723F}.Release|Win32.Build.0 = Release|Win32
		{54730792-3958-4747-9A15-B0ED6A4C723F}.RelWithDebInfo|Win32.ActiveCfg = Release|Win32
		{54730792-3958-4747-9A15-B0ED6A4C723F}.RelWithDebInfo|Win32.Build.0 = Release|Win32
		{54730792-3958-4747-9A15-B0ED6A4C723F}.Tests_Debug|Win32.ActiveCfg = Debug|Win32
		{54730792-3958-4747-9A15-B0ED6A4C723F}.Tests_Debug|Win32.Build.0 = Debug|Win32
		{54730792-3958-4747-9A15-B0ED6A4C723F}.Tests_Release|Win32.ActiveCfg = Release|Win32
		{54730792-3958-4747-9A15-B0ED6A4C723F}.Tests_Release|Win32.Build.0 = Release|Win32
		{94DC5B35-17CD-409E-ACAA-3CE379B643BB}.Debug|Win32.ActiveCfg = Debug|Win32
		{94DC5B35-17CD-409E-ACAA-3CE379B643BB}.Debug|Win32.Build.0 = Debug|Win32
		{94DC5B35-17CD-409E-ACAA-3CE379B643BB}.DXDebug|Win32.ActiveCfg = Debug|Win32
		{94DC5B35-17CD-409E-ACAA-3CE379B643BB}.DXDebug|Win32.Build.0 = Debug|Win32
		{94DC5B35-17CD-409E-ACAA-3CE379B643BB}.GDE_Debug|Win32.ActiveCfg = Debug|Win32
		{94DC5B35-17CD-409E-ACAA-3CE379B643BB}.GDE_Debug|Win32.Build.0 = Debug|Win32
		{94DC5B35-17CD-409E-ACAA-3CE379B643BB}.GDE_Release|Win32.ActiveCfg = Release|Win32
		{94DC5B35-17CD-409E-ACAA-3CE379B643BB}.GDE_Release|Win32.Build.0 = Release|Win32
		{94DC5B35-17CD-409E-ACAA-3CE379B643BB}.GLDebug|Win32.ActiveCfg = Debug|Win32
		{94DC5B35-17CD-409E-ACAA-3CE379B643BB}.GLDebug|Win32.Build.0 = Debug|Win32
		{94DC5B35-17CD-409E-ACAA-3CE379B643BB}.MinSizeRel|Win32.ActiveCfg = Release|Win32
		{94DC5B35-17CD-409E-ACAA-3CE379B643BB}.MinSizeRel|Win32.Build.0 = Release|Win32
		{94DC5B35-17CD-409E-ACAA-3CE379B643BB}.Release|Win32.ActiveCfg = Release|Win32
		{94DC5B35-17CD-409E-ACAA-3CE379B643BB}.Release|Win32.Build.0 = Release|Win32
		{94DC5B35-17CD-409E-ACAA-3CE379B643BB}.RelWithDebInfo|Win32.ActiveCfg = Release|Win32
		{94DC5B35-17CD-409E-ACAA-3CE379B643BB}.RelWithDebInfo|Win32.Build.0 = Release|Win32
		{94DC5B35-17CD-409E-ACAA-3CE379B643BB}.Tests_Debug|Win32.ActiveCfg = Debug|Win32
		{94DC5B35-17CD-409E-ACAA-3CE379B643BB}.Tests_Debug|Win32.Build.0 = Debug|Win32
		{94DC5B35-17CD-409E-ACAA-3CE379B643BB}.Tests_Release|Win32.ActiveCfg = Release|Win32
		{94DC5B35-17CD-409E-ACAA-3CE379B643BB}.Tests_Release|Win32.Build.0 = Release|Win32
		{1FF6173A-F433-466F-B715-7C74E564C112}.Debug|Win32.ActiveCfg = Debug|Win32
		{1FF6173A-F433-466F-B715-7C74E564C112}.Debug|Win32.Build.0 = Debug|Win32
		{1FF6173A-F433-466F-B715-7C74E564C112}.DXDebug|Win32.ActiveCfg = Debug|Win32
		{1FF6173A-F433-466F-B715-7C74E564C112}.DXDebug|Win32.Build.0 = Debug|Win32
		{1FF6173A-F433-466F-B715-7C74E564C112}.GDE_Debug|Win32.ActiveCfg = Debug|Win32
		{1FF6173A-F433-466F-B715-7C74E564C112}.GDE_Debug|Win32.Build.0 = Debug|Win32
		{1FF6173A-F433-466F-B715-7C74E564C112}.GDE_Release|Win32.ActiveCfg = Release|Win32
		{1FF6173A-F433-466F-B715-7C74E564C112}.GDE_Release|Win32.Build.0 = Release|Win32
		{1FF6173A-F433-466F-B715-7C74E564C112}.GLDebug|Win32.ActiveCfg = Debug|Win32
		{1FF6173A-F433-466F-B715-7C74E564C112}.GLDebug|Win32.Build.0 = Debug|Win32
		{1FF6173A-F433-466F-B715-7C74E564C112}.MinSizeRel|Win32.ActiveCfg = Release|Win32
		{1FF6173A-F433-466F-B715-7C74E564C112}.MinSizeRel|Win32.Build.0 = Release|Win32
		{1FF6173A-F433-466F-B715-7C74E564C112}.Release|Win32.ActiveCfg = Release|Win32
		{1FF6173A-F433-466F-B715-7C74E564C112}.Release|Win32.Build.0 = Release|Win32
		{1FF6173A-F433-466F-B715-7C74E564C112}.RelWithDebInfo|Win32.ActiveCfg = Release|Win32
		{1FF6173A-F433-466F-B715-7C74E564C112}.RelWithDebInfo|Win32.Build.0 = Release|Win32
		{1FF6173A-F433-466F-B715-7C74E564C112}.Tests_Debug|Win32.ActiveCfg = Debug|Win32
		{1FF6173A-F433-466F-B715-7C74E564C112}.Tests_Debug|Win32.Build.0 = Debug|Win32
		{1FF6173A-F433-466F-B715-7C74E564C112}.Tests_Release|Win32.ActiveCfg = Release|Win32
		{1FF6173A-F433-466F-B715-7C74E564C112}.Tests_Release|Win32.Build.0 = Release|Win32
	EndGlobalSection
	GlobalSection(SolutionProperties) = preSolution
		HideSolutionNode = FALSE
	EndGlobalSection
	GlobalSection(NestedProjects) = preSolution
		{A00CF704-20E7-4B24-8710-5D4140F4CA8E} = {1E2E7210-536E-47B3-ABA1-6A42B7698ADF}
		{79D29A7F-462C-43A9-8B02-F78F6D7272D7} = {1E2E7210-536E-47B3-ABA1-6A42B7698ADF}
		{3B8C4F09-3241-405C-9DF7-52DABECB3F20} = {1E2E7210-536E-47B3-ABA1-6A42B7698ADF}
		{6383AFE9-3952-4C17-89E2-033F2C448B42} = {A00CF704-20E7-4B24-8710-5D4140F4CA8E}
		{EAD40F7C-7ED5-4164-A082-E7348E417C58} = {A00CF704-20E7-4B24-8710-5D4140F4CA8E}
		{609700CF-CFA4-4F3D-9D55-98D5A41ABE46} = {79D29A7F-462C-43A9-8B02-F78F6D7272D7}
		{59ACBE4D-7DE7-467D-9FA6-50D6F1387CF5} = {79D29A7F-462C-43A9-8B02-F78F6D7272D7}
		{FDD20FAD-3199-45B8-996B-BBCB19671A2E} = {79D29A7F-462C-43A9-8B02-F78F6D7272D7}
		{DA303339-6504-4CEF-85DB-49B57A754CEF} = {79D29A7F-462C-43A9-8B02-F78F6D7272D7}
		{635620E9-8E6F-4FCC-943B-B8D32E6B2B1B} = {79D29A7F-462C-43A9-8B02-F78F6D7272D7}
		{94DC5B35-17CD-409E-ACAA-3CE379B643BB} = {79D29A7F-462C-43A9-8B02-F78F6D7272D7}
		{1FF6173A-F433-466F-B715-7C74E564C112} = {79D29A7F-462C-43A9-8B02-F78F6D7272D7}
		{DA1E83F2-4A5B-4784-9D5D-927CE629C713} = {3B8C4F09-3241-405C-9DF7-52DABECB3F20}
	EndGlobalSection
EndGlobal
